
Microsoft Visual Studio Solution File, Format Version 12.00
# Visual Studio 2015
Project("{FAE04EC0-301F-11D3-BF4B-00C04F79EFBC}") = "GameDesignAssignment.CSharp", "GameDesignAssignment.CSharp.csproj", "{D670CF01-FF20-0D51-DAAB-B9F6BC99AC93}"
EndProject
Global
	GlobalSection(SolutionConfigurationPlatforms) = preSolution
		Debug|Any CPU = Debug|Any CPU
		Release|Any CPU = Release|Any CPU
	EndGlobalSection
	GlobalSection(ProjectConfigurationPlatforms) = postSolution
		{D670CF01-FF20-0D51-DAAB-B9F6BC99AC93}.Debug|Any CPU.ActiveCfg = Debug|Any CPU
		{D670CF01-FF20-0D51-DAAB-B9F6BC99AC93}.Debug|Any CPU.Build.0 = Debug|Any CPU
		{D670CF01-FF20-0D51-DAAB-B9F6BC99AC93}.Release|Any CPU.ActiveCfg = Release|Any CPU
		{D670CF01-FF20-0D51-DAAB-B9F6BC99AC93}.Release|Any CPU.Build.0 = Release|Any CPU
	EndGlobalSection
	GlobalSection(SolutionProperties) = preSolution
		HideSolutionNode = FALSE
	EndGlobalSection
EndGlobal
