
Microsoft Visual Studio Solution File, Format Version 11.00
# Visual Studio 2010
Project("{FAE04EC0-301F-11D3-BF4B-00C04F79EFBC}") = "Assembly-CSharp", "Assembly-CSharp.csproj", "{4F46D93D-D12D-74D0-8982-885F5A74CE39}"
EndProject
Project("{FAE04EC0-301F-11D3-BF4B-00C04F79EFBC}") = "Assembly-CSharp-firstpass", "Assembly-CSharp-firstpass.csproj", "{29F87CF6-EBBB-D69A-F316-E46D95794A34}"
EndProject
Project("{FAE04EC0-301F-11D3-BF4B-00C04F79EFBC}") = "Assembly-CSharp-Editor", "Assembly-CSharp-Editor.csproj", "{63F20D38-21A5-50AB-86FF-C8FB12212768}"
EndProject
Global
	GlobalSection(SolutionConfigurationPlatforms) = preSolution
		Debug|Any CPU = Debug|Any CPU
		Release|Any CPU = Release|Any CPU
	EndGlobalSection
	GlobalSection(ProjectConfigurationPlatforms) = postSolution
		{4F46D93D-D12D-74D0-8982-885F5A74CE39}.Debug|Any CPU.ActiveCfg = Debug|Any CPU
		{4F46D93D-D12D-74D0-8982-885F5A74CE39}.Debug|Any CPU.Build.0 = Debug|Any CPU
		{4F46D93D-D12D-74D0-8982-885F5A74CE39}.Release|Any CPU.ActiveCfg = Release|Any CPU
		{4F46D93D-D12D-74D0-8982-885F5A74CE39}.Release|Any CPU.Build.0 = Release|Any CPU
		{29F87CF6-EBBB-D69A-F316-E46D95794A34}.Debug|Any CPU.ActiveCfg = Debug|Any CPU
		{29F87CF6-EBBB-D69A-F316-E46D95794A34}.Debug|Any CPU.Build.0 = Debug|Any CPU
		{29F87CF6-EBBB-D69A-F316-E46D95794A34}.Release|Any CPU.ActiveCfg = Release|Any CPU
		{29F87CF6-EBBB-D69A-F316-E46D95794A34}.Release|Any CPU.Build.0 = Release|Any CPU
		{63F20D38-21A5-50AB-86FF-C8FB12212768}.Debug|Any CPU.ActiveCfg = Debug|Any CPU
		{63F20D38-21A5-50AB-86FF-C8FB12212768}.Debug|Any CPU.Build.0 = Debug|Any CPU
		{63F20D38-21A5-50AB-86FF-C8FB12212768}.Release|Any CPU.ActiveCfg = Release|Any CPU
		{63F20D38-21A5-50AB-86FF-C8FB12212768}.Release|Any CPU.Build.0 = Release|Any CPU
	EndGlobalSection
	GlobalSection(SolutionProperties) = preSolution
		HideSolutionNode = FALSE
	EndGlobalSection
EndGlobal
